<?xml version="1.0" encoding="UTF-8" standalone="yes" ?>
<CodeBlocks_project_file>
	<FileVersion major="1" minor="6" />
	<Project>
		<Option title="Hungry Fish" />
		<Option pch_mode="2" />
		<Option compiler="gcc" />
		<Build>
			<Target title="Debug">
				<Option output="bin/Debug/Hungry Fish" prefix_auto="1" extension_auto="1" />
				<Option object_output="obj/Debug/" />
				<Option type="1" />
				<Option compiler="gcc" />
				<Compiler>
					<Add option="-g" />
				</Compiler>
			</Target>
			<Target title="Release">
				<Option output="bin/Release/Hungry Fish" prefix_auto="1" extension_auto="1" />
				<Option object_output="obj/Release/" />
				<Option type="1" />
				<Option compiler="gcc" />
				<Compiler>
					<Add option="-O2" />
				</Compiler>
				<Linker>
					<Add option="-s" />
				</Linker>
			</Target>
		</Build>
		<Compiler>
			<Add option="-Wall" />
		</Compiler>
		<Unit filename="headers/AiFishLeft.h" />
		<Unit filename="headers/AiFishRight.h" />
		<Unit filename="headers/AudioManager.h" />
		<Unit filename="headers/Credits.h" />
		<Unit filename="headers/GameEngine.h" />
		<Unit filename="headers/HighScores.h" />
		<Unit filename="headers/MainFish.h" />
		<Unit filename="headers/MainGame.h" />
		<Unit filename="headers/Menu.h" />
		<Unit filename="headers/TexturesManager.h" />
		<Unit filename="headers/Timer.h" />
		<Unit filename="headers/include.h" />
		<Unit filename="src/AiFishLeft.cpp" />
		<Unit filename="src/AiFishRight.cpp" />
		<Unit filename="src/AudioManager.cpp" />
		<Unit filename="src/Credits.cpp" />
		<Unit filename="src/GameEngine.cpp" />
		<Unit filename="src/HighScores.cpp" />
		<Unit filename="src/MainFish.cpp" />
		<Unit filename="src/MainGame.cpp" />
		<Unit filename="src/Menu.cpp" />
		<Unit filename="src/TexturesManager.cpp" />
		<Unit filename="src/Timer.cpp" />
		<Unit filename="src/main.cpp" />
		<Extensions />
	</Project>
</CodeBlocks_project_file>
